// !$*UTF8*$!
{
	archiveVersion = 1;
	classes = {
	};
	objectVersion = 55;
	objects = {

/* Begin PBXBuildFile section */
		1931BFC6290F041A0004271C /* AppDelegate.swift in Sources */ = {isa = PBXBuildFile; fileRef = 1931BFC5290F041A0004271C /* AppDelegate.swift */; };
		1931BFCA290F041A0004271C /* ViewController.swift in Sources */ = {isa = PBXBuildFile; fileRef = 1931BFC9290F041A0004271C /* ViewController.swift */; };
		1931BFCF290F041E0004271C /* Assets.xcassets in Resources */ = {isa = PBXBuildFile; fileRef = 1931BFCE290F041E0004271C /* Assets.xcassets */; };
		1931BFD2290F041E0004271C /* LaunchScreen.storyboard in Resources */ = {isa = PBXBuildFile; fileRef = 1931BFD0290F041E0004271C /* LaunchScreen.storyboard */; };
		1931BFDB290F260D0004271C /*  ColorPaletteView .swift in Sources */ = {isa = PBXBuildFile; fileRef = 1931BFDA290F260D0004271C /*  ColorPaletteView .swift */; };
		197386EC292AC32500C92705 /* NotesViewController.swift in Sources */ = {isa = PBXBuildFile; fileRef = 197386EB292AC32500C92705 /* NotesViewController.swift */; };
		197386EE292ACFE700C92705 /* ShortNote.swift in Sources */ = {isa = PBXBuildFile; fileRef = 197386ED292ACFE700C92705 /* ShortNote.swift */; };
		1983052A292D023C007C98A9 /* AddNoteCell.swift in Sources */ = {isa = PBXBuildFile; fileRef = 19830529292D023C007C98A9 /* AddNoteCell.swift */; };
		1983052C292D1A11007C98A9 /* NoteCell.swift in Sources */ = {isa = PBXBuildFile; fileRef = 1983052B292D1A11007C98A9 /* NoteCell.swift */; };
		19AD7C88293F68370094268C /* NewsListViewController.swift in Sources */ = {isa = PBXBuildFile; fileRef = 19AD7C87293F68370094268C /* NewsListViewController.swift */; };
		19AD7C8A293F71730094268C /* NewsCell.swift in Sources */ = {isa = PBXBuildFile; fileRef = 19AD7C89293F71730094268C /* NewsCell.swift */; };
		19AD7C8C293F74EC0094268C /* NewsViewModel.swift in Sources */ = {isa = PBXBuildFile; fileRef = 19AD7C8B293F74EC0094268C /* NewsViewModel.swift */; };
		19AD7C90293F94AB0094268C /* NewsViewController.swift in Sources */ = {isa = PBXBuildFile; fileRef = 19AD7C8F293F94AB0094268C /* NewsViewController.swift */; };
		19AD7C9329423E5F0094268C /* ApiServise.swift in Sources */ = {isa = PBXBuildFile; fileRef = 19AD7C9229423E5F0094268C /* ApiServise.swift */; };
		19AD7C95294241480094268C /* ApiResponse.swift in Sources */ = {isa = PBXBuildFile; fileRef = 19AD7C94294241480094268C /* ApiResponse.swift */; };
		19F2A75F29100B3A008E8063 /* UIView_Pin.swift in Sources */ = {isa = PBXBuildFile; fileRef = 19F2A75E29100B3A008E8063 /* UIView_Pin.swift */; };
/* End PBXBuildFile section */

/* Begin PBXFileReference section */
		1931BFC2290F041A0004271C /* dsbakhankovaPW3.app */ = {isa = PBXFileReference; explicitFileType = wrapper.application; includeInIndex = 0; path = dsbakhankovaPW3.app; sourceTree = BUILT_PRODUCTS_DIR; };
		1931BFC5290F041A0004271C /* AppDelegate.swift */ = {isa = PBXFileReference; lastKnownFileType = sourcecode.swift; path = AppDelegate.swift; sourceTree = "<group>"; };
		1931BFC9290F041A0004271C /* ViewController.swift */ = {isa = PBXFileReference; lastKnownFileType = sourcecode.swift; path = ViewController.swift; sourceTree = "<group>"; };
		1931BFCE290F041E0004271C /* Assets.xcassets */ = {isa = PBXFileReference; lastKnownFileType = folder.assetcatalog; path = Assets.xcassets; sourceTree = "<group>"; };
		1931BFD1290F041E0004271C /* Base */ = {isa = PBXFileReference; lastKnownFileType = file.storyboard; name = Base; path = Base.lproj/LaunchScreen.storyboard; sourceTree = "<group>"; };
		1931BFD3290F041E0004271C /* Info.plist */ = {isa = PBXFileReference; lastKnownFileType = text.plist.xml; path = Info.plist; sourceTree = "<group>"; };
		1931BFDA290F260D0004271C /*  ColorPaletteView .swift */ = {isa = PBXFileReference; lastKnownFileType = sourcecode.swift; path = " ColorPaletteView .swift"; sourceTree = "<group>"; };
		197386EB292AC32500C92705 /* NotesViewController.swift */ = {isa = PBXFileReference; lastKnownFileType = sourcecode.swift; path = NotesViewController.swift; sourceTree = "<group>"; };
		197386ED292ACFE700C92705 /* ShortNote.swift */ = {isa = PBXFileReference; lastKnownFileType = sourcecode.swift; path = ShortNote.swift; sourceTree = "<group>"; };
		19830529292D023C007C98A9 /* AddNoteCell.swift */ = {isa = PBXFileReference; lastKnownFileType = sourcecode.swift; path = AddNoteCell.swift; sourceTree = "<group>"; };
		1983052B292D1A11007C98A9 /* NoteCell.swift */ = {isa = PBXFileReference; lastKnownFileType = sourcecode.swift; path = NoteCell.swift; sourceTree = "<group>"; };
		19AD7C87293F68370094268C /* NewsListViewController.swift */ = {isa = PBXFileReference; lastKnownFileType = sourcecode.swift; path = NewsListViewController.swift; sourceTree = "<group>"; };
		19AD7C89293F71730094268C /* NewsCell.swift */ = {isa = PBXFileReference; lastKnownFileType = sourcecode.swift; path = NewsCell.swift; sourceTree = "<group>"; };
		19AD7C8B293F74EC0094268C /* NewsViewModel.swift */ = {isa = PBXFileReference; lastKnownFileType = sourcecode.swift; path = NewsViewModel.swift; sourceTree = "<group>"; };
		19AD7C8F293F94AB0094268C /* NewsViewController.swift */ = {isa = PBXFileReference; lastKnownFileType = sourcecode.swift; path = NewsViewController.swift; sourceTree = "<group>"; };
		19AD7C9229423E5F0094268C /* ApiServise.swift */ = {isa = PBXFileReference; lastKnownFileType = sourcecode.swift; path = ApiServise.swift; sourceTree = "<group>"; };
		19AD7C94294241480094268C /* ApiResponse.swift */ = {isa = PBXFileReference; lastKnownFileType = sourcecode.swift; path = ApiResponse.swift; sourceTree = "<group>"; };
		19F2A75E29100B3A008E8063 /* UIView_Pin.swift */ = {isa = PBXFileReference; lastKnownFileType = sourcecode.swift; path = UIView_Pin.swift; sourceTree = "<group>"; };
/* End PBXFileReference section */

/* Begin PBXFrameworksBuildPhase section */
		1931BFBF290F041A0004271C /* Frameworks */ = {
			isa = PBXFrameworksBuildPhase;
			buildActionMask = 2147483647;
			files = (
			);
			runOnlyForDeploymentPostprocessing = 0;
		};
/* End PBXFrameworksBuildPhase section */

/* Begin PBXGroup section */
		1931BFB9290F041A0004271C = {
			isa = PBXGroup;
			children = (
				1931BFC4290F041A0004271C /* dsbakhankovaPW3 */,
				1931BFC3290F041A0004271C /* Products */,
			);
			sourceTree = "<group>";
		};
		1931BFC3290F041A0004271C /* Products */ = {
			isa = PBXGroup;
			children = (
				1931BFC2290F041A0004271C /* dsbakhankovaPW3.app */,
			);
			name = Products;
			sourceTree = "<group>";
		};
		1931BFC4290F041A0004271C /* dsbakhankovaPW3 */ = {
			isa = PBXGroup;
			children = (
				19AD7C91293FB06D0094268C /* Api */,
				19AD7C86293F68280094268C /* News */,
				19AD7C8E293F94110094268C /* Pin */,
				19AD7C8D293F93800094268C /* Notes */,
				1931BFD9290F25EA0004271C /*  ColorPaletteView */,
				1931BFC5290F041A0004271C /* AppDelegate.swift */,
				1931BFC9290F041A0004271C /* ViewController.swift */,
				1931BFCE290F041E0004271C /* Assets.xcassets */,
				1931BFD0290F041E0004271C /* LaunchScreen.storyboard */,
				1931BFD3290F041E0004271C /* Info.plist */,
			);
			path = dsbakhankovaPW3;
			sourceTree = "<group>";
		};
		1931BFD9290F25EA0004271C /*  ColorPaletteView */ = {
			isa = PBXGroup;
			children = (
				1931BFDA290F260D0004271C /*  ColorPaletteView .swift */,
			);
			path = " ColorPaletteView";
			sourceTree = "<group>";
		};
		19AD7C86293F68280094268C /* News */ = {
			isa = PBXGroup;
			children = (
				19AD7C87293F68370094268C /* NewsListViewController.swift */,
				19AD7C89293F71730094268C /* NewsCell.swift */,
				19AD7C8B293F74EC0094268C /* NewsViewModel.swift */,
				19AD7C8F293F94AB0094268C /* NewsViewController.swift */,
			);
			path = News;
			sourceTree = "<group>";
		};
		19AD7C8D293F93800094268C /* Notes */ = {
			isa = PBXGroup;
			children = (
				197386EB292AC32500C92705 /* NotesViewController.swift */,
				197386ED292ACFE700C92705 /* ShortNote.swift */,
				1983052B292D1A11007C98A9 /* NoteCell.swift */,
				19830529292D023C007C98A9 /* AddNoteCell.swift */,
			);
			path = Notes;
			sourceTree = "<group>";
		};
		19AD7C8E293F94110094268C /* Pin */ = {
			isa = PBXGroup;
			children = (
				19F2A75E29100B3A008E8063 /* UIView_Pin.swift */,
			);
			path = Pin;
			sourceTree = "<group>";
		};
		19AD7C91293FB06D0094268C /* Api */ = {
			isa = PBXGroup;
			children = (
				19AD7C9229423E5F0094268C /* ApiServise.swift */,
				19AD7C94294241480094268C /* ApiResponse.swift */,
			);
			path = Api;
			sourceTree = "<group>";
		};
/* End PBXGroup section */

/* Begin PBXNativeTarget section */
		1931BFC1290F041A0004271C /* dsbakhankovaPW3 */ = {
			isa = PBXNativeTarget;
			buildConfigurationList = 1931BFD6290F041E0004271C /* Build configuration list for PBXNativeTarget "dsbakhankovaPW3" */;
			buildPhases = (
				1931BFBE290F041A0004271C /* Sources */,
				1931BFBF290F041A0004271C /* Frameworks */,
				1931BFC0290F041A0004271C /* Resources */,
				19086A4829101EDE00A8FDC6 /* Run Script */,
			);
			buildRules = (
			);
			dependencies = (
			);
			name = dsbakhankovaPW3;
			productName = dsbakhankovaPW3;
			productReference = 1931BFC2290F041A0004271C /* dsbakhankovaPW3.app */;
			productType = "com.apple.product-type.application";
		};
/* End PBXNativeTarget section */

/* Begin PBXProject section */
		1931BFBA290F041A0004271C /* Project object */ = {
			isa = PBXProject;
			attributes = {
				BuildIndependentTargetsInParallel = 1;
				LastSwiftUpdateCheck = 1340;
				LastUpgradeCheck = 1340;
				TargetAttributes = {
					1931BFC1290F041A0004271C = {
						CreatedOnToolsVersion = 13.4.1;
					};
				};
			};
			buildConfigurationList = 1931BFBD290F041A0004271C /* Build configuration list for PBXProject "dsbakhankovaPW3" */;
			compatibilityVersion = "Xcode 13.0";
			developmentRegion = en;
			hasScannedForEncodings = 0;
			knownRegions = (
				en,
				Base,
			);
			mainGroup = 1931BFB9290F041A0004271C;
			productRefGroup = 1931BFC3290F041A0004271C /* Products */;
			projectDirPath = "";
			projectRoot = "";
			targets = (
				1931BFC1290F041A0004271C /* dsbakhankovaPW3 */,
			);
		};
/* End PBXProject section */

/* Begin PBXResourcesBuildPhase section */
		1931BFC0290F041A0004271C /* Resources */ = {
			isa = PBXResourcesBuildPhase;
			buildActionMask = 2147483647;
			files = (
				1931BFD2290F041E0004271C /* LaunchScreen.storyboard in Resources */,
				1931BFCF290F041E0004271C /* Assets.xcassets in Resources */,
			);
			runOnlyForDeploymentPostprocessing = 0;
		};
/* End PBXResourcesBuildPhase section */

/* Begin PBXShellScriptBuildPhase section */
		19086A4829101EDE00A8FDC6 /* Run Script */ = {
			isa = PBXShellScriptBuildPhase;
			buildActionMask = 2147483647;
			files = (
			);
			inputFileListPaths = (
			);
			inputPaths = (
			);
			name = "Run Script";
			outputFileListPaths = (
			);
			outputPaths = (
			);
			runOnlyForDeploymentPostprocessing = 0;
			shellPath = /bin/sh;
			shellScript = "
";
		};
/* End PBXShellScriptBuildPhase section */

/* Begin PBXSourcesBuildPhase section */
		1931BFBE290F041A0004271C /* Sources */ = {
			isa = PBXSourcesBuildPhase;
			buildActionMask = 2147483647;
			files = (
				19AD7C8A293F71730094268C /* NewsCell.swift in Sources */,
				19AD7C9329423E5F0094268C /* ApiServise.swift in Sources */,
				1931BFDB290F260D0004271C /*  ColorPaletteView .swift in Sources */,
				19AD7C95294241480094268C /* ApiResponse.swift in Sources */,
				197386EC292AC32500C92705 /* NotesViewController.swift in Sources */,
				19AD7C90293F94AB0094268C /* NewsViewController.swift in Sources */,
				197386EE292ACFE700C92705 /* ShortNote.swift in Sources */,
				1931BFCA290F041A0004271C /* ViewController.swift in Sources */,
				1983052A292D023C007C98A9 /* AddNoteCell.swift in Sources */,
				19AD7C8C293F74EC0094268C /* NewsViewModel.swift in Sources */,
				19F2A75F29100B3A008E8063 /* UIView_Pin.swift in Sources */,
				19AD7C88293F68370094268C /* NewsListViewController.swift in Sources */,
				1931BFC6290F041A0004271C /* AppDelegate.swift in Sources */,
				1983052C292D1A11007C98A9 /* NoteCell.swift in Sources */,
			);
			runOnlyForDeploymentPostprocessing = 0;
		};
/* End PBXSourcesBuildPhase section */

/* Begin PBXVariantGroup section */
		1931BFD0290F041E0004271C /* LaunchScreen.storyboard */ = {
			isa = PBXVariantGroup;
			children = (
				1931BFD1290F041E0004271C /* Base */,
			);
			name = LaunchScreen.storyboard;
			sourceTree = "<group>";
		};
/* End PBXVariantGroup section */

/* Begin XCBuildConfiguration section */
		1931BFD4290F041E0004271C /* Debug */ = {
			isa = XCBuildConfiguration;
			buildSettings = {
				ALWAYS_SEARCH_USER_PATHS = NO;
				CLANG_ANALYZER_NONNULL = YES;
				CLANG_ANALYZER_NUMBER_OBJECT_CONVERSION = YES_AGGRESSIVE;
				CLANG_CXX_LANGUAGE_STANDARD = "gnu++17";
				CLANG_ENABLE_MODULES = YES;
				CLANG_ENABLE_OBJC_ARC = YES;
				CLANG_ENABLE_OBJC_WEAK = YES;
				CLANG_WARN_BLOCK_CAPTURE_AUTORELEASING = YES;
				CLANG_WARN_BOOL_CONVERSION = YES;
				CLANG_WARN_COMMA = YES;
				CLANG_WARN_CONSTANT_CONVERSION = YES;
				CLANG_WARN_DEPRECATED_OBJC_IMPLEMENTATIONS = YES;
				CLANG_WARN_DIRECT_OBJC_ISA_USAGE = YES_ERROR;
				CLANG_WARN_DOCUMENTATION_COMMENTS = YES;
				CLANG_WARN_EMPTY_BODY = YES;
				CLANG_WARN_ENUM_CONVERSION = YES;
				CLANG_WARN_INFINITE_RECURSION = YES;
				CLANG_WARN_INT_CONVERSION = YES;
				CLANG_WARN_NON_LITERAL_NULL_CONVERSION = YES;
				CLANG_WARN_OBJC_IMPLICIT_RETAIN_SELF = YES;
				CLANG_WARN_OBJC_LITERAL_CONVERSION = YES;
				CLANG_WARN_OBJC_ROOT_CLASS = YES_ERROR;
				CLANG_WARN_QUOTED_INCLUDE_IN_FRAMEWORK_HEADER = YES;
				CLANG_WARN_RANGE_LOOP_ANALYSIS = YES;
				CLANG_WARN_STRICT_PROTOTYPES = YES;
				CLANG_WARN_SUSPICIOUS_MOVE = YES;
				CLANG_WARN_UNGUARDED_AVAILABILITY = YES_AGGRESSIVE;
				CLANG_WARN_UNREACHABLE_CODE = YES;
				CLANG_WARN__DUPLICATE_METHOD_MATCH = YES;
				COPY_PHASE_STRIP = NO;
				DEBUG_INFORMATION_FORMAT = dwarf;
				ENABLE_STRICT_OBJC_MSGSEND = YES;
				ENABLE_TESTABILITY = YES;
				GCC_C_LANGUAGE_STANDARD = gnu11;
				GCC_DYNAMIC_NO_PIC = NO;
				GCC_NO_COMMON_BLOCKS = YES;
				GCC_OPTIMIZATION_LEVEL = 0;
				GCC_PREPROCESSOR_DEFINITIONS = (
					"DEBUG=1",
					"$(inherited)",
				);
				GCC_WARN_64_TO_32_BIT_CONVERSION = YES;
				GCC_WARN_ABOUT_RETURN_TYPE = YES_ERROR;
				GCC_WARN_UNDECLARED_SELECTOR = YES;
				GCC_WARN_UNINITIALIZED_AUTOS = YES_AGGRESSIVE;
				GCC_WARN_UNUSED_FUNCTION = YES;
				GCC_WARN_UNUSED_VARIABLE = YES;
				IPHONEOS_DEPLOYMENT_TARGET = 15.5;
				MTL_ENABLE_DEBUG_INFO = INCLUDE_SOURCE;
				MTL_FAST_MATH = YES;
				ONLY_ACTIVE_ARCH = YES;
				SDKROOT = iphoneos;
				SWIFT_ACTIVE_COMPILATION_CONDITIONS = DEBUG;
				SWIFT_OPTIMIZATION_LEVEL = "-Onone";
			};
			name = Debug;
		};
		1931BFD5290F041E0004271C /* Release */ = {
			isa = XCBuildConfiguration;
			buildSettings = {
				ALWAYS_SEARCH_USER_PATHS = NO;
				CLANG_ANALYZER_NONNULL = YES;
				CLANG_ANALYZER_NUMBER_OBJECT_CONVERSION = YES_AGGRESSIVE;
				CLANG_CXX_LANGUAGE_STANDARD = "gnu++17";
				CLANG_ENABLE_MODULES = YES;
				CLANG_ENABLE_OBJC_ARC = YES;
				CLANG_ENABLE_OBJC_WEAK = YES;
				CLANG_WARN_BLOCK_CAPTURE_AUTORELEASING = YES;
				CLANG_WARN_BOOL_CONVERSION = YES;
				CLANG_WARN_COMMA = YES;
				CLANG_WARN_CONSTANT_CONVERSION = YES;
				CLANG_WARN_DEPRECATED_OBJC_IMPLEMENTATIONS = YES;
				CLANG_WARN_DIRECT_OBJC_ISA_USAGE = YES_ERROR;
				CLANG_WARN_DOCUMENTATION_COMMENTS = YES;
				CLANG_WARN_EMPTY_BODY = YES;
				CLANG_WARN_ENUM_CONVERSION = YES;
				CLANG_WARN_INFINITE_RECURSION = YES;
				CLANG_WARN_INT_CONVERSION = YES;
				CLANG_WARN_NON_LITERAL_NULL_CONVERSION = YES;
				CLANG_WARN_OBJC_IMPLICIT_RETAIN_SELF = YES;
				CLANG_WARN_OBJC_LITERAL_CONVERSION = YES;
				CLANG_WARN_OBJC_ROOT_CLASS = YES_ERROR;
				CLANG_WARN_QUOTED_INCLUDE_IN_FRAMEWORK_HEADER = YES;
				CLANG_WARN_RANGE_LOOP_ANALYSIS = YES;
				CLANG_WARN_STRICT_PROTOTYPES = YES;
				CLANG_WARN_SUSPICIOUS_MOVE = YES;
				CLANG_WARN_UNGUARDED_AVAILABILITY = YES_AGGRESSIVE;
				CLANG_WARN_UNREACHABLE_CODE = YES;
				CLANG_WARN__DUPLICATE_METHOD_MATCH = YES;
				COPY_PHASE_STRIP = NO;
				DEBUG_INFORMATION_FORMAT = "dwarf-with-dsym";
				ENABLE_NS_ASSERTIONS = NO;
				ENABLE_STRICT_OBJC_MSGSEND = YES;
				GCC_C_LANGUAGE_STANDARD = gnu11;
				GCC_NO_COMMON_BLOCKS = YES;
				GCC_WARN_64_TO_32_BIT_CONVERSION = YES;
				GCC_WARN_ABOUT_RETURN_TYPE = YES_ERROR;
				GCC_WARN_UNDECLARED_SELECTOR = YES;
				GCC_WARN_UNINITIALIZED_AUTOS = YES_AGGRESSIVE;
				GCC_WARN_UNUSED_FUNCTION = YES;
				GCC_WARN_UNUSED_VARIABLE = YES;
				IPHONEOS_DEPLOYMENT_TARGET = 15.5;
				MTL_ENABLE_DEBUG_INFO = NO;
				MTL_FAST_MATH = YES;
				SDKROOT = iphoneos;
				SWIFT_COMPILATION_MODE = wholemodule;
				SWIFT_OPTIMIZATION_LEVEL = "-O";
				VALIDATE_PRODUCT = YES;
			};
			name = Release;
		};
		1931BFD7290F041E0004271C /* Debug */ = {
			isa = XCBuildConfiguration;
			buildSettings = {
				ASSETCATALOG_COMPILER_APPICON_NAME = AppIcon;
				ASSETCATALOG_COMPILER_GLOBAL_ACCENT_COLOR_NAME = AccentColor;
				CODE_SIGN_STYLE = Automatic;
				CURRENT_PROJECT_VERSION = 1;
				DEVELOPMENT_TEAM = XUBGNSAC3W;
				GENERATE_INFOPLIST_FILE = YES;
				INFOPLIST_FILE = dsbakhankovaPW3/Info.plist;
				INFOPLIST_KEY_UIApplicationSupportsIndirectInputEvents = YES;
				INFOPLIST_KEY_UILaunchStoryboardName = LaunchScreen;
				INFOPLIST_KEY_UISupportedInterfaceOrientations_iPad = "UIInterfaceOrientationPortrait UIInterfaceOrientationPortraitUpsideDown UIInterfaceOrientationLandscapeLeft UIInterfaceOrientationLandscapeRight";
				INFOPLIST_KEY_UISupportedInterfaceOrientations_iPhone = "UIInterfaceOrientationPortrait UIInterfaceOrientationLandscapeLeft UIInterfaceOrientationLandscapeRight";
				LD_RUNPATH_SEARCH_PATHS = (
					"$(inherited)",
					"@executable_path/Frameworks",
				);
				MARKETING_VERSION = 1.0;
				PRODUCT_BUNDLE_IDENTIFIER = com.mycompany.dsbakhankovaPW3;
				PRODUCT_NAME = "$(TARGET_NAME)";
				SWIFT_EMIT_LOC_STRINGS = YES;
				SWIFT_VERSION = 5.0;
				TARGETED_DEVICE_FAMILY = "1,2";
			};
			name = Debug;
		};
		1931BFD8290F041E0004271C /* Release */ = {
			isa = XCBuildConfiguration;
			buildSettings = {
				ASSETCATALOG_COMPILER_APPICON_NAME = AppIcon;
				ASSETCATALOG_COMPILER_GLOBAL_ACCENT_COLOR_NAME = AccentColor;
				CODE_SIGN_STYLE = Automatic;
				CURRENT_PROJECT_VERSION = 1;
				DEVELOPMENT_TEAM = XUBGNSAC3W;
				GENERATE_INFOPLIST_FILE = YES;
				INFOPLIST_FILE = dsbakhankovaPW3/Info.plist;
				INFOPLIST_KEY_UIApplicationSupportsIndirectInputEvents = YES;
				INFOPLIST_KEY_UILaunchStoryboardName = LaunchScreen;
				INFOPLIST_KEY_UISupportedInterfaceOrientations_iPad = "UIInterfaceOrientationPortrait UIInterfaceOrientationPortraitUpsideDown UIInterfaceOrientationLandscapeLeft UIInterfaceOrientationLandscapeRight";
				INFOPLIST_KEY_UISupportedInterfaceOrientations_iPhone = "UIInterfaceOrientationPortrait UIInterfaceOrientationLandscapeLeft UIInterfaceOrientationLandscapeRight";
				LD_RUNPATH_SEARCH_PATHS = (
					"$(inherited)",
					"@executable_path/Frameworks",
				);
				MARKETING_VERSION = 1.0;
				PRODUCT_BUNDLE_IDENTIFIER = com.mycompany.dsbakhankovaPW3;
				PRODUCT_NAME = "$(TARGET_NAME)";
				SWIFT_EMIT_LOC_STRINGS = YES;
				SWIFT_VERSION = 5.0;
				TARGETED_DEVICE_FAMILY = "1,2";
			};
			name = Release;
		};
/* End XCBuildConfiguration section */

/* Begin XCConfigurationList section */
		1931BFBD290F041A0004271C /* Build configuration list for PBXProject "dsbakhankovaPW3" */ = {
			isa = XCConfigurationList;
			buildConfigurations = (
				1931BFD4290F041E0004271C /* Debug */,
				1931BFD5290F041E0004271C /* Release */,
			);
			defaultConfigurationIsVisible = 0;
			defaultConfigurationName = Release;
		};
		1931BFD6290F041E0004271C /* Build configuration list for PBXNativeTarget "dsbakhankovaPW3" */ = {
			isa = XCConfigurationList;
			buildConfigurations = (
				1931BFD7290F041E0004271C /* Debug */,
				1931BFD8290F041E0004271C /* Release */,
			);
			defaultConfigurationIsVisible = 0;
			defaultConfigurationName = Release;
		};
/* End XCConfigurationList section */
	};
	rootObject = 1931BFBA290F041A0004271C /* Project object */;
}
